
Microsoft Visual Studio Solution File, Format Version 12.00
# Visual Studio Version 16
VisualStudioVersion = 16.0.29102.190
MinimumVisualStudioVersion = 10.0.40219.1
Project("{FAE04EC0-301F-11D3-BF4B-00C04F79EFBC}") = "Week1Lab2AreaAndPerimeter", "Week1Lab2AreaAndPerimeter\Week1Lab2AreaAndPerimeter.csproj", "{2AEBEB9C-22D9-4052-A450-08F0BD6B9938}"
EndProject
Global
	GlobalSection(SolutionConfigurationPlatforms) = preSolution
		Debug|Any CPU = Debug|Any CPU
		Release|Any CPU = Release|Any CPU
	EndGlobalSection
	GlobalSection(ProjectConfigurationPlatforms) = postSolution
		{2AEBEB9C-22D9-4052-A450-08F0BD6B9938}.Debug|Any CPU.ActiveCfg = Debug|Any CPU
		{2AEBEB9C-22D9-4052-A450-08F0BD6B9938}.Debug|Any CPU.Build.0 = Debug|Any CPU
		{2AEBEB9C-22D9-4052-A450-08F0BD6B9938}.Release|Any CPU.ActiveCfg = Release|Any CPU
		{2AEBEB9C-22D9-4052-A450-08F0BD6B9938}.Release|Any CPU.Build.0 = Release|Any CPU
	EndGlobalSection
	GlobalSection(SolutionProperties) = preSolution
		HideSolutionNode = FALSE
	EndGlobalSection
	GlobalSection(ExtensibilityGlobals) = postSolution
		SolutionGuid = {85C23129-0CF0-43D4-A049-F9FA8773D84B}
	EndGlobalSection
EndGlobal
